
Microsoft Visual Studio Solution File, Format Version 12.00
# Visual Studio 2013
VisualStudioVersion = 12.0.31101.0
MinimumVisualStudioVersion = 10.0.40219.1
Project("{FAE04EC0-301F-11D3-BF4B-00C04F79EFBC}") = "GameTraining", "GameTraining\GameTraining.csproj", "{676A073B-2A47-42BC-A87A-BDF587E68281}"
EndProject
Project("{FAE04EC0-301F-11D3-BF4B-00C04F79EFBC}") = "MyTrainingService", "MyTrainingService\MyTrainingService.csproj", "{305974ED-C5C0-4A4D-80EA-D584D23E0628}"
EndProject
Project("{FAE04EC0-301F-11D3-BF4B-00C04F79EFBC}") = "MyTrainingContract", "MyTrainingContract\MyTrainingContract.csproj", "{1D139309-A1A8-44C1-B06C-DC4FF8F87DBB}"
EndProject
Global
	GlobalSection(SolutionConfigurationPlatforms) = preSolution
		Debug|Any CPU = Debug|Any CPU
		Debug|ARM = Debug|ARM
		Debug|x86 = Debug|x86
		Release|Any CPU = Release|Any CPU
		Release|ARM = Release|ARM
		Release|x86 = Release|x86
	EndGlobalSection
	GlobalSection(ProjectConfigurationPlatforms) = postSolution
		{676A073B-2A47-42BC-A87A-BDF587E68281}.Debug|Any CPU.ActiveCfg = Debug|Any CPU
		{676A073B-2A47-42BC-A87A-BDF587E68281}.Debug|Any CPU.Build.0 = Debug|Any CPU
		{676A073B-2A47-42BC-A87A-BDF587E68281}.Debug|Any CPU.Deploy.0 = Debug|Any CPU
		{676A073B-2A47-42BC-A87A-BDF587E68281}.Debug|ARM.ActiveCfg = Debug|ARM
		{676A073B-2A47-42BC-A87A-BDF587E68281}.Debug|ARM.Build.0 = Debug|ARM
		{676A073B-2A47-42BC-A87A-BDF587E68281}.Debug|ARM.Deploy.0 = Debug|ARM
		{676A073B-2A47-42BC-A87A-BDF587E68281}.Debug|x86.ActiveCfg = Debug|x86
		{676A073B-2A47-42BC-A87A-BDF587E68281}.Debug|x86.Build.0 = Debug|x86
		{676A073B-2A47-42BC-A87A-BDF587E68281}.Debug|x86.Deploy.0 = Debug|x86
		{676A073B-2A47-42BC-A87A-BDF587E68281}.Release|Any CPU.ActiveCfg = Release|Any CPU
		{676A073B-2A47-42BC-A87A-BDF587E68281}.Release|Any CPU.Build.0 = Release|Any CPU
		{676A073B-2A47-42BC-A87A-BDF587E68281}.Release|Any CPU.Deploy.0 = Release|Any CPU
		{676A073B-2A47-42BC-A87A-BDF587E68281}.Release|ARM.ActiveCfg = Release|ARM
		{676A073B-2A47-42BC-A87A-BDF587E68281}.Release|ARM.Build.0 = Release|ARM
		{676A073B-2A47-42BC-A87A-BDF587E68281}.Release|ARM.Deploy.0 = Release|ARM
		{676A073B-2A47-42BC-A87A-BDF587E68281}.Release|x86.ActiveCfg = Release|x86
		{676A073B-2A47-42BC-A87A-BDF587E68281}.Release|x86.Build.0 = Release|x86
		{676A073B-2A47-42BC-A87A-BDF587E68281}.Release|x86.Deploy.0 = Release|x86
		{305974ED-C5C0-4A4D-80EA-D584D23E0628}.Debug|Any CPU.ActiveCfg = Debug|Any CPU
		{305974ED-C5C0-4A4D-80EA-D584D23E0628}.Debug|Any CPU.Build.0 = Debug|Any CPU
		{305974ED-C5C0-4A4D-80EA-D584D23E0628}.Debug|ARM.ActiveCfg = Debug|Any CPU
		{305974ED-C5C0-4A4D-80EA-D584D23E0628}.Debug|x86.ActiveCfg = Debug|Any CPU
		{305974ED-C5C0-4A4D-80EA-D584D23E0628}.Release|Any CPU.ActiveCfg = Release|Any CPU
		{305974ED-C5C0-4A4D-80EA-D584D23E0628}.Release|Any CPU.Build.0 = Release|Any CPU
		{305974ED-C5C0-4A4D-80EA-D584D23E0628}.Release|ARM.ActiveCfg = Release|Any CPU
		{305974ED-C5C0-4A4D-80EA-D584D23E0628}.Release|x86.ActiveCfg = Release|Any CPU
		{1D139309-A1A8-44C1-B06C-DC4FF8F87DBB}.Debug|Any CPU.ActiveCfg = Debug|Any CPU
		{1D139309-A1A8-44C1-B06C-DC4FF8F87DBB}.Debug|Any CPU.Build.0 = Debug|Any CPU
		{1D139309-A1A8-44C1-B06C-DC4FF8F87DBB}.Debug|ARM.ActiveCfg = Debug|Any CPU
		{1D139309-A1A8-44C1-B06C-DC4FF8F87DBB}.Debug|x86.ActiveCfg = Debug|Any CPU
		{1D139309-A1A8-44C1-B06C-DC4FF8F87DBB}.Release|Any CPU.ActiveCfg = Release|Any CPU
		{1D139309-A1A8-44C1-B06C-DC4FF8F87DBB}.Release|Any CPU.Build.0 = Release|Any CPU
		{1D139309-A1A8-44C1-B06C-DC4FF8F87DBB}.Release|ARM.ActiveCfg = Release|Any CPU
		{1D139309-A1A8-44C1-B06C-DC4FF8F87DBB}.Release|x86.ActiveCfg = Release|Any CPU
	EndGlobalSection
	GlobalSection(SolutionProperties) = preSolution
		HideSolutionNode = FALSE
	EndGlobalSection
EndGlobal
